{
    "name": "FCE-Map",
    "version": "0.1.0",
    "lockfileVersion": 2,
    "requires": true,
    "packages": {
      "": {
        "name": "FCE-Map",
        "version": "0.1.0",
        "dependencies": {
          "@chakra-ui/icons": "^1.0.1",
          "@chakra-ui/react": "^1.3.0",
          "@emotion/react": "^11.0.0",
          "@emotion/styled": "^11.0.0",
          "framer-motion": "^2.9.5",
          "react": "^16.13.1",
          "react-dom": "^16.13.1",
          "react-graph-vis": "^1.0.7",
          "react-scripts": "^5.0.0"
        },
        "devDependencies": {
          "use-resize-observer": "^7.0.0"
        }
      }
    }
}    